
Microsoft Visual Studio Solution File, Format Version 12.00
# Visual Studio Version 17
VisualStudioVersion = 17.14.37012.4 d17.14
MinimumVisualStudioVersion = 10.0.40219.1
Project("{FAE04EC0-301F-11D3-BF4B-00C04F79EFBC}") = "Domain_Film", "Domain_Film\Domain_Film.csproj", "{F59990B1-1BD9-4B23-9EBB-E4E748F2CC8B}"
EndProject
Global
	GlobalSection(SolutionConfigurationPlatforms) = preSolution
		Debug|Any CPU = Debug|Any CPU
		Release|Any CPU = Release|Any CPU
	EndGlobalSection
	GlobalSection(ProjectConfigurationPlatforms) = postSolution
		{F59990B1-1BD9-4B23-9EBB-E4E748F2CC8B}.Debug|Any CPU.ActiveCfg = Debug|Any CPU
		{F59990B1-1BD9-4B23-9EBB-E4E748F2CC8B}.Debug|Any CPU.Build.0 = Debug|Any CPU
		{F59990B1-1BD9-4B23-9EBB-E4E748F2CC8B}.Release|Any CPU.ActiveCfg = Release|Any CPU
		{F59990B1-1BD9-4B23-9EBB-E4E748F2CC8B}.Release|Any CPU.Build.0 = Release|Any CPU
	EndGlobalSection
	GlobalSection(SolutionProperties) = preSolution
		HideSolutionNode = FALSE
	EndGlobalSection
	GlobalSection(ExtensibilityGlobals) = postSolution
		SolutionGuid = {F101F09E-14D4-4224-B05E-E21313F71D9A}
	EndGlobalSection
EndGlobal
